
Microsoft Visual Studio Solution File, Format Version 12.00
# Visual Studio Version 17
VisualStudioVersion = 17.14.36414.22 d17.14
MinimumVisualStudioVersion = 10.0.40219.1
Project("{FAE04EC0-301F-11D3-BF4B-00C04F79EFBC}") = "MiddlewareDemo", "MiddlewareDemo\MiddlewareDemo.csproj", "{B36A8959-CEA7-4290-8AC6-923A56E07871}"
EndProject
Global
	GlobalSection(SolutionConfigurationPlatforms) = preSolution
		Debug|Any CPU = Debug|Any CPU
		Release|Any CPU = Release|Any CPU
	EndGlobalSection
	GlobalSection(ProjectConfigurationPlatforms) = postSolution
		{B36A8959-CEA7-4290-8AC6-923A56E07871}.Debug|Any CPU.ActiveCfg = Debug|Any CPU
		{B36A8959-CEA7-4290-8AC6-923A56E07871}.Debug|Any CPU.Build.0 = Debug|Any CPU
		{B36A8959-CEA7-4290-8AC6-923A56E07871}.Release|Any CPU.ActiveCfg = Release|Any CPU
		{B36A8959-CEA7-4290-8AC6-923A56E07871}.Release|Any CPU.Build.0 = Release|Any CPU
	EndGlobalSection
	GlobalSection(SolutionProperties) = preSolution
		HideSolutionNode = FALSE
	EndGlobalSection
	GlobalSection(ExtensibilityGlobals) = postSolution
		SolutionGuid = {15279BC8-83E4-49E6-A75C-F7F378E2B3BA}
	EndGlobalSection
EndGlobal
